// !$*UTF8*$!
{
	archiveVersion = 1;
	classes = {
	};
	objectVersion = 50;
	objects = {

/* Begin PBXBuildFile section */
		191D2912777F50D77ADAA091 /* Pods_Ecommerce_iOS.framework in Frameworks */ = {isa = PBXBuildFile; fileRef = B64AF48345B80ADA72B9DE3A /* Pods_Ecommerce_iOS.framework */; };
		851DD9C4229E29A400431C19 /* GoogleService-Info.plist in Resources */ = {isa = PBXBuildFile; fileRef = 851DD9C3229E29A400431C19 /* GoogleService-Info.plist */; };
		851DD9C6229E4B4600431C19 /* UIView+Animation.swift in Sources */ = {isa = PBXBuildFile; fileRef = 851DD9C5229E4B4600431C19 /* UIView+Animation.swift */; };
		8551238F22A2261C008F1BA5 /* PNavBarView.swift in Sources */ = {isa = PBXBuildFile; fileRef = 8551238E22A2261C008F1BA5 /* PNavBarView.swift */; };
		855B3FF6229A182F0019E42D /* AppDelegate.swift in Sources */ = {isa = PBXBuildFile; fileRef = 855B3FF5229A182F0019E42D /* AppDelegate.swift */; };
		855B3FFB229A182F0019E42D /* Main.storyboard in Resources */ = {isa = PBXBuildFile; fileRef = 855B3FF9229A182F0019E42D /* Main.storyboard */; };
		855B3FFD229A182F0019E42D /* Assets.xcassets in Resources */ = {isa = PBXBuildFile; fileRef = 855B3FFC229A182F0019E42D /* Assets.xcassets */; };
		855B4000229A182F0019E42D /* LaunchScreen.storyboard in Resources */ = {isa = PBXBuildFile; fileRef = 855B3FFE229A182F0019E42D /* LaunchScreen.storyboard */; };
		855B4009229A197C0019E42D /* StartUpViewController.xib in Resources */ = {isa = PBXBuildFile; fileRef = 855B4007229A197C0019E42D /* StartUpViewController.xib */; };
		855B400A229A197C0019E42D /* StartUpViewController.swift in Sources */ = {isa = PBXBuildFile; fileRef = 855B4008229A197C0019E42D /* StartUpViewController.swift */; };
		855B400D229A1A390019E42D /* LoginViewController.swift in Sources */ = {isa = PBXBuildFile; fileRef = 855B400B229A1A390019E42D /* LoginViewController.swift */; };
		855B400E229A1A390019E42D /* LoginViewController.xib in Resources */ = {isa = PBXBuildFile; fileRef = 855B400C229A1A390019E42D /* LoginViewController.xib */; };
		855B4015229B31000019E42D /* SignUpViewController.swift in Sources */ = {isa = PBXBuildFile; fileRef = 855B4013229B31000019E42D /* SignUpViewController.swift */; };
		855B4016229B31000019E42D /* SignUpViewController.xib in Resources */ = {isa = PBXBuildFile; fileRef = 855B4014229B31000019E42D /* SignUpViewController.xib */; };
		855B4018229B3DE30019E42D /* UIColor+Hex.swift in Sources */ = {isa = PBXBuildFile; fileRef = 855B4017229B3DE30019E42D /* UIColor+Hex.swift */; };
		855B4031229B42D50019E42D /* IQTextView.swift in Sources */ = {isa = PBXBuildFile; fileRef = 855B401B229B42D50019E42D /* IQTextView.swift */; };
		855B4032229B42D50019E42D /* IQPreviousNextView.swift in Sources */ = {isa = PBXBuildFile; fileRef = 855B401D229B42D50019E42D /* IQPreviousNextView.swift */; };
		855B4033229B42D50019E42D /* IQTitleBarButtonItem.swift in Sources */ = {isa = PBXBuildFile; fileRef = 855B401E229B42D50019E42D /* IQTitleBarButtonItem.swift */; };
		855B4034229B42D50019E42D /* IQBarButtonItem.swift in Sources */ = {isa = PBXBuildFile; fileRef = 855B401F229B42D50019E42D /* IQBarButtonItem.swift */; };
		855B4035229B42D50019E42D /* IQToolbar.swift in Sources */ = {isa = PBXBuildFile; fileRef = 855B4020229B42D50019E42D /* IQToolbar.swift */; };
		855B4036229B42D50019E42D /* IQUIView+IQKeyboardToolbar.swift in Sources */ = {isa = PBXBuildFile; fileRef = 855B4021229B42D50019E42D /* IQUIView+IQKeyboardToolbar.swift */; };
		855B4037229B42D50019E42D /* IQInvocation.swift in Sources */ = {isa = PBXBuildFile; fileRef = 855B4022229B42D50019E42D /* IQInvocation.swift */; };
		855B4038229B42D50019E42D /* IQKeyboardManagerConstantsInternal.swift in Sources */ = {isa = PBXBuildFile; fileRef = 855B4024229B42D50019E42D /* IQKeyboardManagerConstantsInternal.swift */; };
		855B4039229B42D50019E42D /* IQKeyboardManagerConstants.swift in Sources */ = {isa = PBXBuildFile; fileRef = 855B4025229B42D50019E42D /* IQKeyboardManagerConstants.swift */; };
		855B403A229B42D50019E42D /* IQKeyboardManager.bundle in Resources */ = {isa = PBXBuildFile; fileRef = 855B4027229B42D50019E42D /* IQKeyboardManager.bundle */; };
		855B403B229B42D50019E42D /* IQKeyboardReturnKeyHandler.swift in Sources */ = {isa = PBXBuildFile; fileRef = 855B4028229B42D50019E42D /* IQKeyboardReturnKeyHandler.swift */; };
		855B403C229B42D50019E42D /* IQKeyboardManager.swift in Sources */ = {isa = PBXBuildFile; fileRef = 855B4029229B42D50019E42D /* IQKeyboardManager.swift */; };
		855B403D229B42D50019E42D /* IQUIScrollView+Additions.swift in Sources */ = {isa = PBXBuildFile; fileRef = 855B402C229B42D50019E42D /* IQUIScrollView+Additions.swift */; };
		855B403E229B42D50019E42D /* IQUIViewController+Additions.swift in Sources */ = {isa = PBXBuildFile; fileRef = 855B402D229B42D50019E42D /* IQUIViewController+Additions.swift */; };
		855B403F229B42D50019E42D /* IQUITextFieldView+Additions.swift in Sources */ = {isa = PBXBuildFile; fileRef = 855B402E229B42D50019E42D /* IQUITextFieldView+Additions.swift */; };
		855B4040229B42D50019E42D /* IQUIView+Hierarchy.swift in Sources */ = {isa = PBXBuildFile; fileRef = 855B402F229B42D50019E42D /* IQUIView+Hierarchy.swift */; };
		855B4041229B42D50019E42D /* IQNSArray+Sort.swift in Sources */ = {isa = PBXBuildFile; fileRef = 855B4030229B42D50019E42D /* IQNSArray+Sort.swift */; };
		855B4044229B67BE0019E42D /* ProductsViewController.swift in Sources */ = {isa = PBXBuildFile; fileRef = 855B4042229B67BD0019E42D /* ProductsViewController.swift */; };
		855B4045229B67BE0019E42D /* ProductsViewController.xib in Resources */ = {isa = PBXBuildFile; fileRef = 855B4043229B67BD0019E42D /* ProductsViewController.xib */; };
		855B4048229B79670019E42D /* ProductCellCollectionViewCell.swift in Sources */ = {isa = PBXBuildFile; fileRef = 855B4046229B79670019E42D /* ProductCellCollectionViewCell.swift */; };
		855B4049229B79670019E42D /* ProductCellCollectionViewCell.xib in Resources */ = {isa = PBXBuildFile; fileRef = 855B4047229B79670019E42D /* ProductCellCollectionViewCell.xib */; };
		855B404D229BA2DB0019E42D /* ProductOptionsLauncher.swift in Sources */ = {isa = PBXBuildFile; fileRef = 855B404C229BA2DB0019E42D /* ProductOptionsLauncher.swift */; };
		855B404F229BBD760019E42D /* SliderCell.swift in Sources */ = {isa = PBXBuildFile; fileRef = 855B404E229BBD760019E42D /* SliderCell.swift */; };
		85697C6A229E5A5700972E8C /* String+Email.swift in Sources */ = {isa = PBXBuildFile; fileRef = 85697C69229E5A5700972E8C /* String+Email.swift */; };
		85FC879322A0DC8600564DD5 /* PTextField.swift in Sources */ = {isa = PBXBuildFile; fileRef = 85FC879222A0DC8600564DD5 /* PTextField.swift */; };
/* End PBXBuildFile section */

/* Begin PBXFileReference section */
		725A25FFF3E88AC6F6DA1F90 /* Pods-Ecommerce-iOS.release.xcconfig */ = {isa = PBXFileReference; includeInIndex = 1; lastKnownFileType = text.xcconfig; name = "Pods-Ecommerce-iOS.release.xcconfig"; path = "Target Support Files/Pods-Ecommerce-iOS/Pods-Ecommerce-iOS.release.xcconfig"; sourceTree = "<group>"; };
		851DD9C3229E29A400431C19 /* GoogleService-Info.plist */ = {isa = PBXFileReference; fileEncoding = 4; lastKnownFileType = text.plist.xml; path = "GoogleService-Info.plist"; sourceTree = "<group>"; };
		851DD9C5229E4B4600431C19 /* UIView+Animation.swift */ = {isa = PBXFileReference; lastKnownFileType = sourcecode.swift; path = "UIView+Animation.swift"; sourceTree = "<group>"; };
		8551238E22A2261C008F1BA5 /* PNavBarView.swift */ = {isa = PBXFileReference; lastKnownFileType = sourcecode.swift; path = PNavBarView.swift; sourceTree = "<group>"; };
		855B3FF2229A182F0019E42D /* Ecommerce-iOS.app */ = {isa = PBXFileReference; explicitFileType = wrapper.application; includeInIndex = 0; path = "Ecommerce-iOS.app"; sourceTree = BUILT_PRODUCTS_DIR; };
		855B3FF5229A182F0019E42D /* AppDelegate.swift */ = {isa = PBXFileReference; lastKnownFileType = sourcecode.swift; path = AppDelegate.swift; sourceTree = "<group>"; };
		855B3FFA229A182F0019E42D /* Base */ = {isa = PBXFileReference; lastKnownFileType = file.storyboard; name = Base; path = Base.lproj/Main.storyboard; sourceTree = "<group>"; };
		855B3FFC229A182F0019E42D /* Assets.xcassets */ = {isa = PBXFileReference; lastKnownFileType = folder.assetcatalog; path = Assets.xcassets; sourceTree = "<group>"; };
		855B3FFF229A182F0019E42D /* Base */ = {isa = PBXFileReference; lastKnownFileType = file.storyboard; name = Base; path = Base.lproj/LaunchScreen.storyboard; sourceTree = "<group>"; };
		855B4001229A182F0019E42D /* Info.plist */ = {isa = PBXFileReference; lastKnownFileType = text.plist.xml; path = Info.plist; sourceTree = "<group>"; };
		855B4007229A197C0019E42D /* StartUpViewController.xib */ = {isa = PBXFileReference; fileEncoding = 4; lastKnownFileType = file.xib; path = StartUpViewController.xib; sourceTree = "<group>"; };
		855B4008229A197C0019E42D /* StartUpViewController.swift */ = {isa = PBXFileReference; fileEncoding = 4; lastKnownFileType = sourcecode.swift; path = StartUpViewController.swift; sourceTree = "<group>"; };
		855B400B229A1A390019E42D /* LoginViewController.swift */ = {isa = PBXFileReference; lastKnownFileType = sourcecode.swift; path = LoginViewController.swift; sourceTree = "<group>"; };
		855B400C229A1A390019E42D /* LoginViewController.xib */ = {isa = PBXFileReference; lastKnownFileType = file.xib; path = LoginViewController.xib; sourceTree = "<group>"; };
		855B4013229B31000019E42D /* SignUpViewController.swift */ = {isa = PBXFileReference; lastKnownFileType = sourcecode.swift; path = SignUpViewController.swift; sourceTree = "<group>"; };
		855B4014229B31000019E42D /* SignUpViewController.xib */ = {isa = PBXFileReference; lastKnownFileType = file.xib; path = SignUpViewController.xib; sourceTree = "<group>"; };
		855B4017229B3DE30019E42D /* UIColor+Hex.swift */ = {isa = PBXFileReference; lastKnownFileType = sourcecode.swift; path = "UIColor+Hex.swift"; sourceTree = "<group>"; };
		855B401B229B42D50019E42D /* IQTextView.swift */ = {isa = PBXFileReference; fileEncoding = 4; lastKnownFileType = sourcecode.swift; path = IQTextView.swift; sourceTree = "<group>"; };
		855B401D229B42D50019E42D /* IQPreviousNextView.swift */ = {isa = PBXFileReference; fileEncoding = 4; lastKnownFileType = sourcecode.swift; path = IQPreviousNextView.swift; sourceTree = "<group>"; };
		855B401E229B42D50019E42D /* IQTitleBarButtonItem.swift */ = {isa = PBXFileReference; fileEncoding = 4; lastKnownFileType = sourcecode.swift; path = IQTitleBarButtonItem.swift; sourceTree = "<group>"; };
		855B401F229B42D50019E42D /* IQBarButtonItem.swift */ = {isa = PBXFileReference; fileEncoding = 4; lastKnownFileType = sourcecode.swift; path = IQBarButtonItem.swift; sourceTree = "<group>"; };
		855B4020229B42D50019E42D /* IQToolbar.swift */ = {isa = PBXFileReference; fileEncoding = 4; lastKnownFileType = sourcecode.swift; path = IQToolbar.swift; sourceTree = "<group>"; };
		855B4021229B42D50019E42D /* IQUIView+IQKeyboardToolbar.swift */ = {isa = PBXFileReference; fileEncoding = 4; lastKnownFileType = sourcecode.swift; path = "IQUIView+IQKeyboardToolbar.swift"; sourceTree = "<group>"; };
		855B4022229B42D50019E42D /* IQInvocation.swift */ = {isa = PBXFileReference; fileEncoding = 4; lastKnownFileType = sourcecode.swift; path = IQInvocation.swift; sourceTree = "<group>"; };
		855B4024229B42D50019E42D /* IQKeyboardManagerConstantsInternal.swift */ = {isa = PBXFileReference; fileEncoding = 4; lastKnownFileType = sourcecode.swift; path = IQKeyboardManagerConstantsInternal.swift; sourceTree = "<group>"; };
		855B4025229B42D50019E42D /* IQKeyboardManagerConstants.swift */ = {isa = PBXFileReference; fileEncoding = 4; lastKnownFileType = sourcecode.swift; path = IQKeyboardManagerConstants.swift; sourceTree = "<group>"; };
		855B4027229B42D50019E42D /* IQKeyboardManager.bundle */ = {isa = PBXFileReference; lastKnownFileType = "wrapper.plug-in"; path = IQKeyboardManager.bundle; sourceTree = "<group>"; };
		855B4028229B42D50019E42D /* IQKeyboardReturnKeyHandler.swift */ = {isa = PBXFileReference; fileEncoding = 4; lastKnownFileType = sourcecode.swift; path = IQKeyboardReturnKeyHandler.swift; sourceTree = "<group>"; };
		855B4029229B42D50019E42D /* IQKeyboardManager.swift */ = {isa = PBXFileReference; fileEncoding = 4; lastKnownFileType = sourcecode.swift; path = IQKeyboardManager.swift; sourceTree = "<group>"; };
		855B402A229B42D50019E42D /* IQKeyboardManagerSwift.h */ = {isa = PBXFileReference; fileEncoding = 4; lastKnownFileType = sourcecode.c.h; path = IQKeyboardManagerSwift.h; sourceTree = "<group>"; };
		855B402C229B42D50019E42D /* IQUIScrollView+Additions.swift */ = {isa = PBXFileReference; fileEncoding = 4; lastKnownFileType = sourcecode.swift; path = "IQUIScrollView+Additions.swift"; sourceTree = "<group>"; };
		855B402D229B42D50019E42D /* IQUIViewController+Additions.swift */ = {isa = PBXFileReference; fileEncoding = 4; lastKnownFileType = sourcecode.swift; path = "IQUIViewController+Additions.swift"; sourceTree = "<group>"; };
		855B402E229B42D50019E42D /* IQUITextFieldView+Additions.swift */ = {isa = PBXFileReference; fileEncoding = 4; lastKnownFileType = sourcecode.swift; path = "IQUITextFieldView+Additions.swift"; sourceTree = "<group>"; };
		855B402F229B42D50019E42D /* IQUIView+Hierarchy.swift */ = {isa = PBXFileReference; fileEncoding = 4; lastKnownFileType = sourcecode.swift; path = "IQUIView+Hierarchy.swift"; sourceTree = "<group>"; };
		855B4030229B42D50019E42D /* IQNSArray+Sort.swift */ = {isa = PBXFileReference; fileEncoding = 4; lastKnownFileType = sourcecode.swift; path = "IQNSArray+Sort.swift"; sourceTree = "<group>"; };
		855B4042229B67BD0019E42D /* ProductsViewController.swift */ = {isa = PBXFileReference; lastKnownFileType = sourcecode.swift; path = ProductsViewController.swift; sourceTree = "<group>"; };
		855B4043229B67BD0019E42D /* ProductsViewController.xib */ = {isa = PBXFileReference; lastKnownFileType = file.xib; path = ProductsViewController.xib; sourceTree = "<group>"; };
		855B4046229B79670019E42D /* ProductCellCollectionViewCell.swift */ = {isa = PBXFileReference; lastKnownFileType = sourcecode.swift; path = ProductCellCollectionViewCell.swift; sourceTree = "<group>"; };
		855B4047229B79670019E42D /* ProductCellCollectionViewCell.xib */ = {isa = PBXFileReference; lastKnownFileType = file.xib; path = ProductCellCollectionViewCell.xib; sourceTree = "<group>"; };
		855B404C229BA2DB0019E42D /* ProductOptionsLauncher.swift */ = {isa = PBXFileReference; lastKnownFileType = sourcecode.swift; path = ProductOptionsLauncher.swift; sourceTree = "<group>"; };
		855B404E229BBD760019E42D /* SliderCell.swift */ = {isa = PBXFileReference; lastKnownFileType = sourcecode.swift; path = SliderCell.swift; sourceTree = "<group>"; };
		85697C69229E5A5700972E8C /* String+Email.swift */ = {isa = PBXFileReference; lastKnownFileType = sourcecode.swift; path = "String+Email.swift"; sourceTree = "<group>"; };
		85FC879222A0DC8600564DD5 /* PTextField.swift */ = {isa = PBXFileReference; lastKnownFileType = sourcecode.swift; path = PTextField.swift; sourceTree = "<group>"; };
		9FEA5888A99610372776051E /* Pods-Ecommerce-iOS.debug.xcconfig */ = {isa = PBXFileReference; includeInIndex = 1; lastKnownFileType = text.xcconfig; name = "Pods-Ecommerce-iOS.debug.xcconfig"; path = "Target Support Files/Pods-Ecommerce-iOS/Pods-Ecommerce-iOS.debug.xcconfig"; sourceTree = "<group>"; };
		B64AF48345B80ADA72B9DE3A /* Pods_Ecommerce_iOS.framework */ = {isa = PBXFileReference; explicitFileType = wrapper.framework; includeInIndex = 0; path = Pods_Ecommerce_iOS.framework; sourceTree = BUILT_PRODUCTS_DIR; };
/* End PBXFileReference section */

/* Begin PBXFrameworksBuildPhase section */
		855B3FEF229A182F0019E42D /* Frameworks */ = {
			isa = PBXFrameworksBuildPhase;
			buildActionMask = 2147483647;
			files = (
				191D2912777F50D77ADAA091 /* Pods_Ecommerce_iOS.framework in Frameworks */,
			);
			runOnlyForDeploymentPostprocessing = 0;
		};
/* End PBXFrameworksBuildPhase section */

/* Begin PBXGroup section */
		3348F1F3B9FBFE7BD3619986 /* Frameworks */ = {
			isa = PBXGroup;
			children = (
				B64AF48345B80ADA72B9DE3A /* Pods_Ecommerce_iOS.framework */,
			);
			name = Frameworks;
			sourceTree = "<group>";
		};
		3CA4894F2BFC9B80AD02D0DA /* Pods */ = {
			isa = PBXGroup;
			children = (
				9FEA5888A99610372776051E /* Pods-Ecommerce-iOS.debug.xcconfig */,
				725A25FFF3E88AC6F6DA1F90 /* Pods-Ecommerce-iOS.release.xcconfig */,
			);
			path = Pods;
			sourceTree = "<group>";
		};
		855B3FE9229A182F0019E42D = {
			isa = PBXGroup;
			children = (
				855B3FF4229A182F0019E42D /* Ecommerce-iOS */,
				855B3FF3229A182F0019E42D /* Products */,
				3CA4894F2BFC9B80AD02D0DA /* Pods */,
				3348F1F3B9FBFE7BD3619986 /* Frameworks */,
			);
			sourceTree = "<group>";
		};
		855B3FF3229A182F0019E42D /* Products */ = {
			isa = PBXGroup;
			children = (
				855B3FF2229A182F0019E42D /* Ecommerce-iOS.app */,
			);
			name = Products;
			sourceTree = "<group>";
		};
		855B3FF4229A182F0019E42D /* Ecommerce-iOS */ = {
			isa = PBXGroup;
			children = (
				85D407E9229E570600BCD473 /* Extensions */,
				85D407E8229E56CE00BCD473 /* Utils */,
				85D407E7229E567A00BCD473 /* Views */,
				85D407E6229E563800BCD473 /* Controllers */,
				855B3FF5229A182F0019E42D /* AppDelegate.swift */,
				855B3FFC229A182F0019E42D /* Assets.xcassets */,
				851DD9C3229E29A400431C19 /* GoogleService-Info.plist */,
				855B4001229A182F0019E42D /* Info.plist */,
			);
			path = "Ecommerce-iOS";
			sourceTree = "<group>";
		};
		855B4019229B42D50019E42D /* IQKeyboardManagerSwift */ = {
			isa = PBXGroup;
			children = (
				855B401A229B42D50019E42D /* IQTextView */,
				855B401C229B42D50019E42D /* IQToolbar */,
				855B4023229B42D50019E42D /* Constants */,
				855B4026229B42D50019E42D /* Resources */,
				855B4028229B42D50019E42D /* IQKeyboardReturnKeyHandler.swift */,
				855B4029229B42D50019E42D /* IQKeyboardManager.swift */,
				855B402A229B42D50019E42D /* IQKeyboardManagerSwift.h */,
				855B402B229B42D50019E42D /* Categories */,
			);
			path = IQKeyboardManagerSwift;
			sourceTree = "<group>";
		};
		855B401A229B42D50019E42D /* IQTextView */ = {
			isa = PBXGroup;
			children = (
				855B401B229B42D50019E42D /* IQTextView.swift */,
			);
			path = IQTextView;
			sourceTree = "<group>";
		};
		855B401C229B42D50019E42D /* IQToolbar */ = {
			isa = PBXGroup;
			children = (
				855B401D229B42D50019E42D /* IQPreviousNextView.swift */,
				855B401E229B42D50019E42D /* IQTitleBarButtonItem.swift */,
				855B401F229B42D50019E42D /* IQBarButtonItem.swift */,
				855B4020229B42D50019E42D /* IQToolbar.swift */,
				855B4021229B42D50019E42D /* IQUIView+IQKeyboardToolbar.swift */,
				855B4022229B42D50019E42D /* IQInvocation.swift */,
			);
			path = IQToolbar;
			sourceTree = "<group>";
		};
		855B4023229B42D50019E42D /* Constants */ = {
			isa = PBXGroup;
			children = (
				855B4024229B42D50019E42D /* IQKeyboardManagerConstantsInternal.swift */,
				855B4025229B42D50019E42D /* IQKeyboardManagerConstants.swift */,
			);
			path = Constants;
			sourceTree = "<group>";
		};
		855B4026229B42D50019E42D /* Resources */ = {
			isa = PBXGroup;
			children = (
				855B4027229B42D50019E42D /* IQKeyboardManager.bundle */,
			);
			path = Resources;
			sourceTree = "<group>";
		};
		855B402B229B42D50019E42D /* Categories */ = {
			isa = PBXGroup;
			children = (
				855B402C229B42D50019E42D /* IQUIScrollView+Additions.swift */,
				855B402D229B42D50019E42D /* IQUIViewController+Additions.swift */,
				855B402E229B42D50019E42D /* IQUITextFieldView+Additions.swift */,
				855B402F229B42D50019E42D /* IQUIView+Hierarchy.swift */,
				855B4030229B42D50019E42D /* IQNSArray+Sort.swift */,
			);
			path = Categories;
			sourceTree = "<group>";
		};
		85D407E6229E563800BCD473 /* Controllers */ = {
			isa = PBXGroup;
			children = (
				855B4008229A197C0019E42D /* StartUpViewController.swift */,
				855B400B229A1A390019E42D /* LoginViewController.swift */,
				855B4013229B31000019E42D /* SignUpViewController.swift */,
				855B4042229B67BD0019E42D /* ProductsViewController.swift */,
			);
			path = Controllers;
			sourceTree = "<group>";
		};
		85D407E7229E567A00BCD473 /* Views */ = {
			isa = PBXGroup;
			children = (
				855B3FF9229A182F0019E42D /* Main.storyboard */,
				855B3FFE229A182F0019E42D /* LaunchScreen.storyboard */,
				855B4007229A197C0019E42D /* StartUpViewController.xib */,
				855B400C229A1A390019E42D /* LoginViewController.xib */,
				855B4014229B31000019E42D /* SignUpViewController.xib */,
				855B4043229B67BD0019E42D /* ProductsViewController.xib */,
				855B4047229B79670019E42D /* ProductCellCollectionViewCell.xib */,
				855B4046229B79670019E42D /* ProductCellCollectionViewCell.swift */,
				855B404E229BBD760019E42D /* SliderCell.swift */,
				85FC879222A0DC8600564DD5 /* PTextField.swift */,
				8551238E22A2261C008F1BA5 /* PNavBarView.swift */,
			);
			path = Views;
			sourceTree = "<group>";
		};
		85D407E8229E56CE00BCD473 /* Utils */ = {
			isa = PBXGroup;
			children = (
				855B404C229BA2DB0019E42D /* ProductOptionsLauncher.swift */,
				855B4019229B42D50019E42D /* IQKeyboardManagerSwift */,
			);
			path = Utils;
			sourceTree = "<group>";
		};
		85D407E9229E570600BCD473 /* Extensions */ = {
			isa = PBXGroup;
			children = (
				851DD9C5229E4B4600431C19 /* UIView+Animation.swift */,
				855B4017229B3DE30019E42D /* UIColor+Hex.swift */,
				85697C69229E5A5700972E8C /* String+Email.swift */,
			);
			path = Extensions;
			sourceTree = "<group>";
		};
/* End PBXGroup section */

/* Begin PBXNativeTarget section */
		855B3FF1229A182F0019E42D /* Ecommerce-iOS */ = {
			isa = PBXNativeTarget;
			buildConfigurationList = 855B4004229A182F0019E42D /* Build configuration list for PBXNativeTarget "Ecommerce-iOS" */;
			buildPhases = (
				2CBC229490D3CED80A94AA5B /* [CP] Check Pods Manifest.lock */,
				855B3FEE229A182F0019E42D /* Sources */,
				855B3FEF229A182F0019E42D /* Frameworks */,
				855B3FF0229A182F0019E42D /* Resources */,
				4804A01D2C0BAB414739A690 /* [CP] Embed Pods Frameworks */,
			);
			buildRules = (
			);
			dependencies = (
			);
			name = "Ecommerce-iOS";
			productName = "Ecommerce-iOS";
			productReference = 855B3FF2229A182F0019E42D /* Ecommerce-iOS.app */;
			productType = "com.apple.product-type.application";
		};
/* End PBXNativeTarget section */

/* Begin PBXProject section */
		855B3FEA229A182F0019E42D /* Project object */ = {
			isa = PBXProject;
			attributes = {
				LastSwiftUpdateCheck = 1020;
				LastUpgradeCheck = 1020;
				ORGANIZATIONNAME = "Karthik Venkatesh";
				TargetAttributes = {
					855B3FF1229A182F0019E42D = {
						CreatedOnToolsVersion = 10.2.1;
					};
				};
			};
			buildConfigurationList = 855B3FED229A182F0019E42D /* Build configuration list for PBXProject "Ecommerce-iOS" */;
			compatibilityVersion = "Xcode 9.3";
			developmentRegion = en;
			hasScannedForEncodings = 0;
			knownRegions = (
				en,
				Base,
			);
			mainGroup = 855B3FE9229A182F0019E42D;
			productRefGroup = 855B3FF3229A182F0019E42D /* Products */;
			projectDirPath = "";
			projectRoot = "";
			targets = (
				855B3FF1229A182F0019E42D /* Ecommerce-iOS */,
			);
		};
/* End PBXProject section */

/* Begin PBXResourcesBuildPhase section */
		855B3FF0229A182F0019E42D /* Resources */ = {
			isa = PBXResourcesBuildPhase;
			buildActionMask = 2147483647;
			files = (
				855B400E229A1A390019E42D /* LoginViewController.xib in Resources */,
				855B4009229A197C0019E42D /* StartUpViewController.xib in Resources */,
				855B4000229A182F0019E42D /* LaunchScreen.storyboard in Resources */,
				855B3FFD229A182F0019E42D /* Assets.xcassets in Resources */,
				855B403A229B42D50019E42D /* IQKeyboardManager.bundle in Resources */,
				855B4049229B79670019E42D /* ProductCellCollectionViewCell.xib in Resources */,
				855B4016229B31000019E42D /* SignUpViewController.xib in Resources */,
				851DD9C4229E29A400431C19 /* GoogleService-Info.plist in Resources */,
				855B4045229B67BE0019E42D /* ProductsViewController.xib in Resources */,
				855B3FFB229A182F0019E42D /* Main.storyboard in Resources */,
			);
			runOnlyForDeploymentPostprocessing = 0;
		};
/* End PBXResourcesBuildPhase section */

/* Begin PBXShellScriptBuildPhase section */
		2CBC229490D3CED80A94AA5B /* [CP] Check Pods Manifest.lock */ = {
			isa = PBXShellScriptBuildPhase;
			buildActionMask = 2147483647;
			files = (
			);
			inputFileListPaths = (
			);
			inputPaths = (
				"${PODS_PODFILE_DIR_PATH}/Podfile.lock",
				"${PODS_ROOT}/Manifest.lock",
			);
			name = "[CP] Check Pods Manifest.lock";
			outputFileListPaths = (
			);
			outputPaths = (
				"$(DERIVED_FILE_DIR)/Pods-Ecommerce-iOS-checkManifestLockResult.txt",
			);
			runOnlyForDeploymentPostprocessing = 0;
			shellPath = /bin/sh;
			shellScript = "diff \"${PODS_PODFILE_DIR_PATH}/Podfile.lock\" \"${PODS_ROOT}/Manifest.lock\" > /dev/null\nif [ $? != 0 ] ; then\n    # print error to STDERR\n    echo \"error: The sandbox is not in sync with the Podfile.lock. Run 'pod install' or update your CocoaPods installation.\" >&2\n    exit 1\nfi\n# This output is used by Xcode 'outputs' to avoid re-running this script phase.\necho \"SUCCESS\" > \"${SCRIPT_OUTPUT_FILE_0}\"\n";
			showEnvVarsInLog = 0;
		};
		4804A01D2C0BAB414739A690 /* [CP] Embed Pods Frameworks */ = {
			isa = PBXShellScriptBuildPhase;
			buildActionMask = 2147483647;
			files = (
			);
			inputFileListPaths = (
			);
			inputPaths = (
				"${PODS_ROOT}/Target Support Files/Pods-Ecommerce-iOS/Pods-Ecommerce-iOS-frameworks.sh",
				"${BUILT_PRODUCTS_DIR}/GTMSessionFetcher/GTMSessionFetcher.framework",
				"${BUILT_PRODUCTS_DIR}/GoogleUtilities/GoogleUtilities.framework",
				"${BUILT_PRODUCTS_DIR}/leveldb-library/leveldb.framework",
				"${BUILT_PRODUCTS_DIR}/nanopb/nanopb.framework",
			);
			name = "[CP] Embed Pods Frameworks";
			outputFileListPaths = (
			);
			outputPaths = (
				"${TARGET_BUILD_DIR}/${FRAMEWORKS_FOLDER_PATH}/GTMSessionFetcher.framework",
				"${TARGET_BUILD_DIR}/${FRAMEWORKS_FOLDER_PATH}/GoogleUtilities.framework",
				"${TARGET_BUILD_DIR}/${FRAMEWORKS_FOLDER_PATH}/leveldb.framework",
				"${TARGET_BUILD_DIR}/${FRAMEWORKS_FOLDER_PATH}/nanopb.framework",
			);
			runOnlyForDeploymentPostprocessing = 0;
			shellPath = /bin/sh;
			shellScript = "\"${PODS_ROOT}/Target Support Files/Pods-Ecommerce-iOS/Pods-Ecommerce-iOS-frameworks.sh\"\n";
			showEnvVarsInLog = 0;
		};
/* End PBXShellScriptBuildPhase section */

/* Begin PBXSourcesBuildPhase section */
		855B3FEE229A182F0019E42D /* Sources */ = {
			isa = PBXSourcesBuildPhase;
			buildActionMask = 2147483647;
			files = (
				85FC879322A0DC8600564DD5 /* PTextField.swift in Sources */,
				855B4040229B42D50019E42D /* IQUIView+Hierarchy.swift in Sources */,
				855B4018229B3DE30019E42D /* UIColor+Hex.swift in Sources */,
				855B4041229B42D50019E42D /* IQNSArray+Sort.swift in Sources */,
				855B4015229B31000019E42D /* SignUpViewController.swift in Sources */,
				855B4048229B79670019E42D /* ProductCellCollectionViewCell.swift in Sources */,
				851DD9C6229E4B4600431C19 /* UIView+Animation.swift in Sources */,
				855B403E229B42D50019E42D /* IQUIViewController+Additions.swift in Sources */,
				855B4034229B42D50019E42D /* IQBarButtonItem.swift in Sources */,
				855B400D229A1A390019E42D /* LoginViewController.swift in Sources */,
				855B403F229B42D50019E42D /* IQUITextFieldView+Additions.swift in Sources */,
				855B404D229BA2DB0019E42D /* ProductOptionsLauncher.swift in Sources */,
				855B4038229B42D50019E42D /* IQKeyboardManagerConstantsInternal.swift in Sources */,
				855B403C229B42D50019E42D /* IQKeyboardManager.swift in Sources */,
				855B403B229B42D50019E42D /* IQKeyboardReturnKeyHandler.swift in Sources */,
				855B4036229B42D50019E42D /* IQUIView+IQKeyboardToolbar.swift in Sources */,
				855B400A229A197C0019E42D /* StartUpViewController.swift in Sources */,
				855B4032229B42D50019E42D /* IQPreviousNextView.swift in Sources */,
				855B4031229B42D50019E42D /* IQTextView.swift in Sources */,
				855B4037229B42D50019E42D /* IQInvocation.swift in Sources */,
				855B4044229B67BE0019E42D /* ProductsViewController.swift in Sources */,
				855B4039229B42D50019E42D /* IQKeyboardManagerConstants.swift in Sources */,
				855B404F229BBD760019E42D /* SliderCell.swift in Sources */,
				855B3FF6229A182F0019E42D /* AppDelegate.swift in Sources */,
				85697C6A229E5A5700972E8C /* String+Email.swift in Sources */,
				855B403D229B42D50019E42D /* IQUIScrollView+Additions.swift in Sources */,
				855B4033229B42D50019E42D /* IQTitleBarButtonItem.swift in Sources */,
				855B4035229B42D50019E42D /* IQToolbar.swift in Sources */,
				8551238F22A2261C008F1BA5 /* PNavBarView.swift in Sources */,
			);
			runOnlyForDeploymentPostprocessing = 0;
		};
/* End PBXSourcesBuildPhase section */

/* Begin PBXVariantGroup section */
		855B3FF9229A182F0019E42D /* Main.storyboard */ = {
			isa = PBXVariantGroup;
			children = (
				855B3FFA229A182F0019E42D /* Base */,
			);
			name = Main.storyboard;
			sourceTree = "<group>";
		};
		855B3FFE229A182F0019E42D /* LaunchScreen.storyboard */ = {
			isa = PBXVariantGroup;
			children = (
				855B3FFF229A182F0019E42D /* Base */,
			);
			name = LaunchScreen.storyboard;
			sourceTree = "<group>";
		};
/* End PBXVariantGroup section */

/* Begin XCBuildConfiguration section */
		855B4002229A182F0019E42D /* Debug */ = {
			isa = XCBuildConfiguration;
			buildSettings = {
				ALWAYS_SEARCH_USER_PATHS = NO;
				CLANG_ANALYZER_NONNULL = YES;
				CLANG_ANALYZER_NUMBER_OBJECT_CONVERSION = YES_AGGRESSIVE;
				CLANG_CXX_LANGUAGE_STANDARD = "gnu++14";
				CLANG_CXX_LIBRARY = "libc++";
				CLANG_ENABLE_MODULES = YES;
				CLANG_ENABLE_OBJC_ARC = YES;
				CLANG_ENABLE_OBJC_WEAK = YES;
				CLANG_WARN_BLOCK_CAPTURE_AUTORELEASING = YES;
				CLANG_WARN_BOOL_CONVERSION = YES;
				CLANG_WARN_COMMA = YES;
				CLANG_WARN_CONSTANT_CONVERSION = YES;
				CLANG_WARN_DEPRECATED_OBJC_IMPLEMENTATIONS = YES;
				CLANG_WARN_DIRECT_OBJC_ISA_USAGE = YES_ERROR;
				CLANG_WARN_DOCUMENTATION_COMMENTS = YES;
				CLANG_WARN_EMPTY_BODY = YES;
				CLANG_WARN_ENUM_CONVERSION = YES;
				CLANG_WARN_INFINITE_RECURSION = YES;
				CLANG_WARN_INT_CONVERSION = YES;
				CLANG_WARN_NON_LITERAL_NULL_CONVERSION = YES;
				CLANG_WARN_OBJC_IMPLICIT_RETAIN_SELF = YES;
				CLANG_WARN_OBJC_LITERAL_CONVERSION = YES;
				CLANG_WARN_OBJC_ROOT_CLASS = YES_ERROR;
				CLANG_WARN_RANGE_LOOP_ANALYSIS = YES;
				CLANG_WARN_STRICT_PROTOTYPES = YES;
				CLANG_WARN_SUSPICIOUS_MOVE = YES;
				CLANG_WARN_UNGUARDED_AVAILABILITY = YES_AGGRESSIVE;
				CLANG_WARN_UNREACHABLE_CODE = YES;
				CLANG_WARN__DUPLICATE_METHOD_MATCH = YES;
				CODE_SIGN_IDENTITY = "iPhone Developer";
				COPY_PHASE_STRIP = NO;
				DEBUG_INFORMATION_FORMAT = dwarf;
				ENABLE_STRICT_OBJC_MSGSEND = YES;
				ENABLE_TESTABILITY = YES;
				GCC_C_LANGUAGE_STANDARD = gnu11;
				GCC_DYNAMIC_NO_PIC = NO;
				GCC_NO_COMMON_BLOCKS = YES;
				GCC_OPTIMIZATION_LEVEL = 0;
				GCC_PREPROCESSOR_DEFINITIONS = (
					"DEBUG=1",
					"$(inherited)",
				);
				GCC_WARN_64_TO_32_BIT_CONVERSION = YES;
				GCC_WARN_ABOUT_RETURN_TYPE = YES_ERROR;
				GCC_WARN_UNDECLARED_SELECTOR = YES;
				GCC_WARN_UNINITIALIZED_AUTOS = YES_AGGRESSIVE;
				GCC_WARN_UNUSED_FUNCTION = YES;
				GCC_WARN_UNUSED_VARIABLE = YES;
				IPHONEOS_DEPLOYMENT_TARGET = 12.2;
				MTL_ENABLE_DEBUG_INFO = INCLUDE_SOURCE;
				MTL_FAST_MATH = YES;
				ONLY_ACTIVE_ARCH = YES;
				SDKROOT = iphoneos;
				SWIFT_ACTIVE_COMPILATION_CONDITIONS = DEBUG;
				SWIFT_OPTIMIZATION_LEVEL = "-Onone";
			};
			name = Debug;
		};
		855B4003229A182F0019E42D /* Release */ = {
			isa = XCBuildConfiguration;
			buildSettings = {
				ALWAYS_SEARCH_USER_PATHS = NO;
				CLANG_ANALYZER_NONNULL = YES;
				CLANG_ANALYZER_NUMBER_OBJECT_CONVERSION = YES_AGGRESSIVE;
				CLANG_CXX_LANGUAGE_STANDARD = "gnu++14";
				CLANG_CXX_LIBRARY = "libc++";
				CLANG_ENABLE_MODULES = YES;
				CLANG_ENABLE_OBJC_ARC = YES;
				CLANG_ENABLE_OBJC_WEAK = YES;
				CLANG_WARN_BLOCK_CAPTURE_AUTORELEASING = YES;
				CLANG_WARN_BOOL_CONVERSION = YES;
				CLANG_WARN_COMMA = YES;
				CLANG_WARN_CONSTANT_CONVERSION = YES;
				CLANG_WARN_DEPRECATED_OBJC_IMPLEMENTATIONS = YES;
				CLANG_WARN_DIRECT_OBJC_ISA_USAGE = YES_ERROR;
				CLANG_WARN_DOCUMENTATION_COMMENTS = YES;
				CLANG_WARN_EMPTY_BODY = YES;
				CLANG_WARN_ENUM_CONVERSION = YES;
				CLANG_WARN_INFINITE_RECURSION = YES;
				CLANG_WARN_INT_CONVERSION = YES;
				CLANG_WARN_NON_LITERAL_NULL_CONVERSION = YES;
				CLANG_WARN_OBJC_IMPLICIT_RETAIN_SELF = YES;
				CLANG_WARN_OBJC_LITERAL_CONVERSION = YES;
				CLANG_WARN_OBJC_ROOT_CLASS = YES_ERROR;
				CLANG_WARN_RANGE_LOOP_ANALYSIS = YES;
				CLANG_WARN_STRICT_PROTOTYPES = YES;
				CLANG_WARN_SUSPICIOUS_MOVE = YES;
				CLANG_WARN_UNGUARDED_AVAILABILITY = YES_AGGRESSIVE;
				CLANG_WARN_UNREACHABLE_CODE = YES;
				CLANG_WARN__DUPLICATE_METHOD_MATCH = YES;
				CODE_SIGN_IDENTITY = "iPhone Developer";
				COPY_PHASE_STRIP = NO;
				DEBUG_INFORMATION_FORMAT = "dwarf-with-dsym";
				ENABLE_NS_ASSERTIONS = NO;
				ENABLE_STRICT_OBJC_MSGSEND = YES;
				GCC_C_LANGUAGE_STANDARD = gnu11;
				GCC_NO_COMMON_BLOCKS = YES;
				GCC_WARN_64_TO_32_BIT_CONVERSION = YES;
				GCC_WARN_ABOUT_RETURN_TYPE = YES_ERROR;
				GCC_WARN_UNDECLARED_SELECTOR = YES;
				GCC_WARN_UNINITIALIZED_AUTOS = YES_AGGRESSIVE;
				GCC_WARN_UNUSED_FUNCTION = YES;
				GCC_WARN_UNUSED_VARIABLE = YES;
				IPHONEOS_DEPLOYMENT_TARGET = 12.2;
				MTL_ENABLE_DEBUG_INFO = NO;
				MTL_FAST_MATH = YES;
				SDKROOT = iphoneos;
				SWIFT_COMPILATION_MODE = wholemodule;
				SWIFT_OPTIMIZATION_LEVEL = "-O";
				VALIDATE_PRODUCT = YES;
			};
			name = Release;
		};
		855B4005229A182F0019E42D /* Debug */ = {
			isa = XCBuildConfiguration;
			baseConfigurationReference = 9FEA5888A99610372776051E /* Pods-Ecommerce-iOS.debug.xcconfig */;
			buildSettings = {
				ASSETCATALOG_COMPILER_APPICON_NAME = AppIcon;
				CODE_SIGN_STYLE = Automatic;
				DEVELOPMENT_TEAM = 4KLP658KLL;
				INFOPLIST_FILE = "Ecommerce-iOS/Info.plist";
				LD_RUNPATH_SEARCH_PATHS = (
					"$(inherited)",
					"@executable_path/Frameworks",
				);
				PRODUCT_BUNDLE_IDENTIFIER = "com.designthevibe.Ecommerce-iOS";
				PRODUCT_NAME = "$(TARGET_NAME)";
				SWIFT_VERSION = 5.0;
				TARGETED_DEVICE_FAMILY = "1,2";
			};
			name = Debug;
		};
		855B4006229A182F0019E42D /* Release */ = {
			isa = XCBuildConfiguration;
			baseConfigurationReference = 725A25FFF3E88AC6F6DA1F90 /* Pods-Ecommerce-iOS.release.xcconfig */;
			buildSettings = {
				ASSETCATALOG_COMPILER_APPICON_NAME = AppIcon;
				CODE_SIGN_STYLE = Automatic;
				DEVELOPMENT_TEAM = 4KLP658KLL;
				INFOPLIST_FILE = "Ecommerce-iOS/Info.plist";
				LD_RUNPATH_SEARCH_PATHS = (
					"$(inherited)",
					"@executable_path/Frameworks",
				);
				PRODUCT_BUNDLE_IDENTIFIER = "com.designthevibe.Ecommerce-iOS";
				PRODUCT_NAME = "$(TARGET_NAME)";
				SWIFT_VERSION = 5.0;
				TARGETED_DEVICE_FAMILY = "1,2";
			};
			name = Release;
		};
/* End XCBuildConfiguration section */

/* Begin XCConfigurationList section */
		855B3FED229A182F0019E42D /* Build configuration list for PBXProject "Ecommerce-iOS" */ = {
			isa = XCConfigurationList;
			buildConfigurations = (
				855B4002229A182F0019E42D /* Debug */,
				855B4003229A182F0019E42D /* Release */,
			);
			defaultConfigurationIsVisible = 0;
			defaultConfigurationName = Release;
		};
		855B4004229A182F0019E42D /* Build configuration list for PBXNativeTarget "Ecommerce-iOS" */ = {
			isa = XCConfigurationList;
			buildConfigurations = (
				855B4005229A182F0019E42D /* Debug */,
				855B4006229A182F0019E42D /* Release */,
			);
			defaultConfigurationIsVisible = 0;
			defaultConfigurationName = Release;
		};
/* End XCConfigurationList section */
	};
	rootObject = 855B3FEA229A182F0019E42D /* Project object */;
}
